{
  "name": "net.emullen.networking",
  "version": "1.0.0",
  "lockfileVersion": 3,
  "requires": true,
  "packages": {
    "": {
      "name": "net.emullen.networking",
      "version": "1.0.0",
      "dependencies": {
        "net.emullen.networking": "file:"
      }
    },
    "node_modules/net.emullen.networking": {
      "resolved": "",
      "link": true
    }
  }
}
